
Microsoft Visual Studio Solution File, Format Version 12.00
# Visual Studio 15
VisualStudioVersion = 15.0.27428.2015
MinimumVisualStudioVersion = 10.0.40219.1
Project("{FAE04EC0-301F-11D3-BF4B-00C04F79EFBC}") = "Dwarfs", "Dwarfs\Dwarfs.csproj", "{A5ED95C9-FEA2-4D8B-A310-38BFCB2EF5EA}"
EndProject
Global
	GlobalSection(SolutionConfigurationPlatforms) = preSolution
		Debug|Any CPU = Debug|Any CPU
		Release|Any CPU = Release|Any CPU
	EndGlobalSection
	GlobalSection(ProjectConfigurationPlatforms) = postSolution
		{A5ED95C9-FEA2-4D8B-A310-38BFCB2EF5EA}.Debug|Any CPU.ActiveCfg = Debug|Any CPU
		{A5ED95C9-FEA2-4D8B-A310-38BFCB2EF5EA}.Debug|Any CPU.Build.0 = Debug|Any CPU
		{A5ED95C9-FEA2-4D8B-A310-38BFCB2EF5EA}.Release|Any CPU.ActiveCfg = Release|Any CPU
		{A5ED95C9-FEA2-4D8B-A310-38BFCB2EF5EA}.Release|Any CPU.Build.0 = Release|Any CPU
	EndGlobalSection
	GlobalSection(SolutionProperties) = preSolution
		HideSolutionNode = FALSE
	EndGlobalSection
	GlobalSection(ExtensibilityGlobals) = postSolution
		SolutionGuid = {F51CC9C0-92B2-45AD-837C-24BE2EEE8D8E}
	EndGlobalSection
EndGlobal
