
Microsoft Visual Studio Solution File, Format Version 12.00
# Visual Studio 15
VisualStudioVersion = 15.0.27428.2015
MinimumVisualStudioVersion = 10.0.40219.1
Project("{FAE04EC0-301F-11D3-BF4B-00C04F79EFBC}") = "Encryption", "Encryption\Encryption.csproj", "{B7ABEC7C-B29C-4B23-A12E-B9B403B79DC6}"
EndProject
Global
	GlobalSection(SolutionConfigurationPlatforms) = preSolution
		Debug|Any CPU = Debug|Any CPU
		Release|Any CPU = Release|Any CPU
	EndGlobalSection
	GlobalSection(ProjectConfigurationPlatforms) = postSolution
		{B7ABEC7C-B29C-4B23-A12E-B9B403B79DC6}.Debug|Any CPU.ActiveCfg = Debug|Any CPU
		{B7ABEC7C-B29C-4B23-A12E-B9B403B79DC6}.Debug|Any CPU.Build.0 = Debug|Any CPU
		{B7ABEC7C-B29C-4B23-A12E-B9B403B79DC6}.Release|Any CPU.ActiveCfg = Release|Any CPU
		{B7ABEC7C-B29C-4B23-A12E-B9B403B79DC6}.Release|Any CPU.Build.0 = Release|Any CPU
	EndGlobalSection
	GlobalSection(SolutionProperties) = preSolution
		HideSolutionNode = FALSE
	EndGlobalSection
	GlobalSection(ExtensibilityGlobals) = postSolution
		SolutionGuid = {56B00FF3-3EC7-4F38-9BE3-F86AA83AD563}
	EndGlobalSection
EndGlobal
