
Microsoft Visual Studio Solution File, Format Version 12.00
# Visual Studio 15
VisualStudioVersion = 15.0.27130.2010
MinimumVisualStudioVersion = 10.0.40219.1
Project("{FAE04EC0-301F-11D3-BF4B-00C04F79EFBC}") = "FlipFlopNumbers", "FlipFlopNumbers\FlipFlopNumbers.csproj", "{CA7F9EC4-9735-4F58-8E57-444C35D59C8C}"
EndProject
Global
	GlobalSection(SolutionConfigurationPlatforms) = preSolution
		Debug|Any CPU = Debug|Any CPU
		Release|Any CPU = Release|Any CPU
	EndGlobalSection
	GlobalSection(ProjectConfigurationPlatforms) = postSolution
		{CA7F9EC4-9735-4F58-8E57-444C35D59C8C}.Debug|Any CPU.ActiveCfg = Debug|Any CPU
		{CA7F9EC4-9735-4F58-8E57-444C35D59C8C}.Debug|Any CPU.Build.0 = Debug|Any CPU
		{CA7F9EC4-9735-4F58-8E57-444C35D59C8C}.Release|Any CPU.ActiveCfg = Release|Any CPU
		{CA7F9EC4-9735-4F58-8E57-444C35D59C8C}.Release|Any CPU.Build.0 = Release|Any CPU
	EndGlobalSection
	GlobalSection(SolutionProperties) = preSolution
		HideSolutionNode = FALSE
	EndGlobalSection
	GlobalSection(ExtensibilityGlobals) = postSolution
		SolutionGuid = {D1419D74-0A54-4B8C-A750-B1EBC20A80AE}
	EndGlobalSection
EndGlobal
