
Microsoft Visual Studio Solution File, Format Version 12.00
# Visual Studio 15
VisualStudioVersion = 15.0.28307.1300
MinimumVisualStudioVersion = 10.0.40219.1
Project("{FAE04EC0-301F-11D3-BF4B-00C04F79EFBC}") = "Vebinar2", "Vebinar2\Vebinar2.csproj", "{DE29FEEE-4CC3-4DD4-94D5-800905FC3082}"
EndProject
Project("{FAE04EC0-301F-11D3-BF4B-00C04F79EFBC}") = "Average", "Average\Average.csproj", "{C968B780-04E2-4711-84D2-DC426674A41D}"
EndProject
Project("{FAE04EC0-301F-11D3-BF4B-00C04F79EFBC}") = "Month", "Month\Month.csproj", "{A92488A4-E14C-4E7B-944D-5348AFD070DE}"
EndProject
Project("{FAE04EC0-301F-11D3-BF4B-00C04F79EFBC}") = "EvenCheck", "EvenCheck\EvenCheck.csproj", "{10C58AD4-1CC9-45FD-8942-5D4FA97FE786}"
EndProject
Project("{FAE04EC0-301F-11D3-BF4B-00C04F79EFBC}") = "Winter", "Winter\Winter.csproj", "{F5EA1788-7DD6-46B7-8A1A-4945A90DD86E}"
EndProject
Global
	GlobalSection(SolutionConfigurationPlatforms) = preSolution
		Debug|Any CPU = Debug|Any CPU
		Release|Any CPU = Release|Any CPU
	EndGlobalSection
	GlobalSection(ProjectConfigurationPlatforms) = postSolution
		{DE29FEEE-4CC3-4DD4-94D5-800905FC3082}.Debug|Any CPU.ActiveCfg = Debug|Any CPU
		{DE29FEEE-4CC3-4DD4-94D5-800905FC3082}.Debug|Any CPU.Build.0 = Debug|Any CPU
		{DE29FEEE-4CC3-4DD4-94D5-800905FC3082}.Release|Any CPU.ActiveCfg = Release|Any CPU
		{DE29FEEE-4CC3-4DD4-94D5-800905FC3082}.Release|Any CPU.Build.0 = Release|Any CPU
		{C968B780-04E2-4711-84D2-DC426674A41D}.Debug|Any CPU.ActiveCfg = Debug|Any CPU
		{C968B780-04E2-4711-84D2-DC426674A41D}.Debug|Any CPU.Build.0 = Debug|Any CPU
		{C968B780-04E2-4711-84D2-DC426674A41D}.Release|Any CPU.ActiveCfg = Release|Any CPU
		{C968B780-04E2-4711-84D2-DC426674A41D}.Release|Any CPU.Build.0 = Release|Any CPU
		{A92488A4-E14C-4E7B-944D-5348AFD070DE}.Debug|Any CPU.ActiveCfg = Debug|Any CPU
		{A92488A4-E14C-4E7B-944D-5348AFD070DE}.Debug|Any CPU.Build.0 = Debug|Any CPU
		{A92488A4-E14C-4E7B-944D-5348AFD070DE}.Release|Any CPU.ActiveCfg = Release|Any CPU
		{A92488A4-E14C-4E7B-944D-5348AFD070DE}.Release|Any CPU.Build.0 = Release|Any CPU
		{10C58AD4-1CC9-45FD-8942-5D4FA97FE786}.Debug|Any CPU.ActiveCfg = Debug|Any CPU
		{10C58AD4-1CC9-45FD-8942-5D4FA97FE786}.Debug|Any CPU.Build.0 = Debug|Any CPU
		{10C58AD4-1CC9-45FD-8942-5D4FA97FE786}.Release|Any CPU.ActiveCfg = Release|Any CPU
		{10C58AD4-1CC9-45FD-8942-5D4FA97FE786}.Release|Any CPU.Build.0 = Release|Any CPU
		{F5EA1788-7DD6-46B7-8A1A-4945A90DD86E}.Debug|Any CPU.ActiveCfg = Debug|Any CPU
		{F5EA1788-7DD6-46B7-8A1A-4945A90DD86E}.Debug|Any CPU.Build.0 = Debug|Any CPU
		{F5EA1788-7DD6-46B7-8A1A-4945A90DD86E}.Release|Any CPU.ActiveCfg = Release|Any CPU
		{F5EA1788-7DD6-46B7-8A1A-4945A90DD86E}.Release|Any CPU.Build.0 = Release|Any CPU
	EndGlobalSection
	GlobalSection(SolutionProperties) = preSolution
		HideSolutionNode = FALSE
	EndGlobalSection
	GlobalSection(ExtensibilityGlobals) = postSolution
		SolutionGuid = {AEA67EDA-3909-493D-BEC7-A655D8323836}
	EndGlobalSection
EndGlobal
