
Microsoft Visual Studio Solution File, Format Version 12.00
# Visual Studio 15
VisualStudioVersion = 15.0.27428.2015
MinimumVisualStudioVersion = 10.0.40219.1
Project("{FAE04EC0-301F-11D3-BF4B-00C04F79EFBC}") = "FilterLast", "FilterLast\FilterLast.csproj", "{5844B79A-02BE-4662-BA37-4D65536E888E}"
EndProject
Global
	GlobalSection(SolutionConfigurationPlatforms) = preSolution
		Debug|Any CPU = Debug|Any CPU
		Release|Any CPU = Release|Any CPU
	EndGlobalSection
	GlobalSection(ProjectConfigurationPlatforms) = postSolution
		{5844B79A-02BE-4662-BA37-4D65536E888E}.Debug|Any CPU.ActiveCfg = Debug|Any CPU
		{5844B79A-02BE-4662-BA37-4D65536E888E}.Debug|Any CPU.Build.0 = Debug|Any CPU
		{5844B79A-02BE-4662-BA37-4D65536E888E}.Release|Any CPU.ActiveCfg = Release|Any CPU
		{5844B79A-02BE-4662-BA37-4D65536E888E}.Release|Any CPU.Build.0 = Release|Any CPU
	EndGlobalSection
	GlobalSection(SolutionProperties) = preSolution
		HideSolutionNode = FALSE
	EndGlobalSection
	GlobalSection(ExtensibilityGlobals) = postSolution
		SolutionGuid = {A1976B82-8E1E-405A-9F58-1FED202C7872}
	EndGlobalSection
EndGlobal
