
Microsoft Visual Studio Solution File, Format Version 12.00
# Visual Studio 15
VisualStudioVersion = 15.0.27130.2026
MinimumVisualStudioVersion = 10.0.40219.1
Project("{FAE04EC0-301F-11D3-BF4B-00C04F79EFBC}") = "Exceptions", "Exceptions\Exceptions.csproj", "{9BADDD0C-7AFE-49AF-AD45-3E0E6F6BB4FB}"
EndProject
Global
	GlobalSection(SolutionConfigurationPlatforms) = preSolution
		Debug|Any CPU = Debug|Any CPU
		Release|Any CPU = Release|Any CPU
	EndGlobalSection
	GlobalSection(ProjectConfigurationPlatforms) = postSolution
		{9BADDD0C-7AFE-49AF-AD45-3E0E6F6BB4FB}.Debug|Any CPU.ActiveCfg = Debug|Any CPU
		{9BADDD0C-7AFE-49AF-AD45-3E0E6F6BB4FB}.Debug|Any CPU.Build.0 = Debug|Any CPU
		{9BADDD0C-7AFE-49AF-AD45-3E0E6F6BB4FB}.Release|Any CPU.ActiveCfg = Release|Any CPU
		{9BADDD0C-7AFE-49AF-AD45-3E0E6F6BB4FB}.Release|Any CPU.Build.0 = Release|Any CPU
	EndGlobalSection
	GlobalSection(SolutionProperties) = preSolution
		HideSolutionNode = FALSE
	EndGlobalSection
	GlobalSection(ExtensibilityGlobals) = postSolution
		SolutionGuid = {50F2F5B2-9C1B-42A6-BED6-A72DA0F6830A}
	EndGlobalSection
EndGlobal
