
Microsoft Visual Studio Solution File, Format Version 12.00
# Visual Studio 15
VisualStudioVersion = 15.0.27428.2015
MinimumVisualStudioVersion = 10.0.40219.1
Project("{FAE04EC0-301F-11D3-BF4B-00C04F79EFBC}") = "Grants", "Grants\Grants.csproj", "{7DDBC356-7C01-4B9D-BC38-85F3A186F634}"
EndProject
Global
	GlobalSection(SolutionConfigurationPlatforms) = preSolution
		Debug|Any CPU = Debug|Any CPU
		Release|Any CPU = Release|Any CPU
	EndGlobalSection
	GlobalSection(ProjectConfigurationPlatforms) = postSolution
		{7DDBC356-7C01-4B9D-BC38-85F3A186F634}.Debug|Any CPU.ActiveCfg = Debug|Any CPU
		{7DDBC356-7C01-4B9D-BC38-85F3A186F634}.Debug|Any CPU.Build.0 = Debug|Any CPU
		{7DDBC356-7C01-4B9D-BC38-85F3A186F634}.Release|Any CPU.ActiveCfg = Release|Any CPU
		{7DDBC356-7C01-4B9D-BC38-85F3A186F634}.Release|Any CPU.Build.0 = Release|Any CPU
	EndGlobalSection
	GlobalSection(SolutionProperties) = preSolution
		HideSolutionNode = FALSE
	EndGlobalSection
	GlobalSection(ExtensibilityGlobals) = postSolution
		SolutionGuid = {B0EA204D-9CE8-415A-816D-43642A40C74B}
	EndGlobalSection
EndGlobal
