
Microsoft Visual Studio Solution File, Format Version 12.00
# Visual Studio 15
VisualStudioVersion = 15.0.27130.2036
MinimumVisualStudioVersion = 10.0.40219.1
Project("{FAE04EC0-301F-11D3-BF4B-00C04F79EFBC}") = "UnitTests", "UnitTests\UnitTests.csproj", "{10D07A2F-0E79-4E05-B45B-F93AA87FA4D5}"
EndProject
Global
	GlobalSection(SolutionConfigurationPlatforms) = preSolution
		Debug|Any CPU = Debug|Any CPU
		Release|Any CPU = Release|Any CPU
	EndGlobalSection
	GlobalSection(ProjectConfigurationPlatforms) = postSolution
		{10D07A2F-0E79-4E05-B45B-F93AA87FA4D5}.Debug|Any CPU.ActiveCfg = Debug|Any CPU
		{10D07A2F-0E79-4E05-B45B-F93AA87FA4D5}.Debug|Any CPU.Build.0 = Debug|Any CPU
		{10D07A2F-0E79-4E05-B45B-F93AA87FA4D5}.Release|Any CPU.ActiveCfg = Release|Any CPU
		{10D07A2F-0E79-4E05-B45B-F93AA87FA4D5}.Release|Any CPU.Build.0 = Release|Any CPU
	EndGlobalSection
	GlobalSection(SolutionProperties) = preSolution
		HideSolutionNode = FALSE
	EndGlobalSection
	GlobalSection(ExtensibilityGlobals) = postSolution
		SolutionGuid = {F335E201-0E80-49E4-AC3B-F433E081F892}
	EndGlobalSection
EndGlobal
