
Microsoft Visual Studio Solution File, Format Version 12.00
# Visual Studio 15
VisualStudioVersion = 15.0.27428.2015
MinimumVisualStudioVersion = 10.0.40219.1
Project("{FAE04EC0-301F-11D3-BF4B-00C04F79EFBC}") = "TeamNumbers", "TeamNumbers\TeamNumbers.csproj", "{B8CB1FAE-BD0C-4941-A4F1-FDDF4AC1E1D8}"
EndProject
Global
	GlobalSection(SolutionConfigurationPlatforms) = preSolution
		Debug|Any CPU = Debug|Any CPU
		Release|Any CPU = Release|Any CPU
	EndGlobalSection
	GlobalSection(ProjectConfigurationPlatforms) = postSolution
		{B8CB1FAE-BD0C-4941-A4F1-FDDF4AC1E1D8}.Debug|Any CPU.ActiveCfg = Debug|Any CPU
		{B8CB1FAE-BD0C-4941-A4F1-FDDF4AC1E1D8}.Debug|Any CPU.Build.0 = Debug|Any CPU
		{B8CB1FAE-BD0C-4941-A4F1-FDDF4AC1E1D8}.Release|Any CPU.ActiveCfg = Release|Any CPU
		{B8CB1FAE-BD0C-4941-A4F1-FDDF4AC1E1D8}.Release|Any CPU.Build.0 = Release|Any CPU
	EndGlobalSection
	GlobalSection(SolutionProperties) = preSolution
		HideSolutionNode = FALSE
	EndGlobalSection
	GlobalSection(ExtensibilityGlobals) = postSolution
		SolutionGuid = {D225E964-AC8F-4F4D-BC58-0FB5B1F244AD}
	EndGlobalSection
EndGlobal
