
Microsoft Visual Studio Solution File, Format Version 12.00
# Visual Studio 15
VisualStudioVersion = 15.0.28307.1321
MinimumVisualStudioVersion = 10.0.40219.1
Project("{FAE04EC0-301F-11D3-BF4B-00C04F79EFBC}") = "SearchComparison", "Vebinar4\SearchComparison.csproj", "{696EA3C6-1370-496E-9BFC-6B3A21A9B7D1}"
EndProject
Project("{FAE04EC0-301F-11D3-BF4B-00C04F79EFBC}") = "BinaryTree", "BinaryTree\BinaryTree.csproj", "{84ABB444-C535-4088-B285-14F6225CC606}"
EndProject
Global
	GlobalSection(SolutionConfigurationPlatforms) = preSolution
		Debug|Any CPU = Debug|Any CPU
		Release|Any CPU = Release|Any CPU
	EndGlobalSection
	GlobalSection(ProjectConfigurationPlatforms) = postSolution
		{696EA3C6-1370-496E-9BFC-6B3A21A9B7D1}.Debug|Any CPU.ActiveCfg = Debug|Any CPU
		{696EA3C6-1370-496E-9BFC-6B3A21A9B7D1}.Debug|Any CPU.Build.0 = Debug|Any CPU
		{696EA3C6-1370-496E-9BFC-6B3A21A9B7D1}.Release|Any CPU.ActiveCfg = Release|Any CPU
		{696EA3C6-1370-496E-9BFC-6B3A21A9B7D1}.Release|Any CPU.Build.0 = Release|Any CPU
		{84ABB444-C535-4088-B285-14F6225CC606}.Debug|Any CPU.ActiveCfg = Debug|Any CPU
		{84ABB444-C535-4088-B285-14F6225CC606}.Debug|Any CPU.Build.0 = Debug|Any CPU
		{84ABB444-C535-4088-B285-14F6225CC606}.Release|Any CPU.ActiveCfg = Release|Any CPU
		{84ABB444-C535-4088-B285-14F6225CC606}.Release|Any CPU.Build.0 = Release|Any CPU
	EndGlobalSection
	GlobalSection(SolutionProperties) = preSolution
		HideSolutionNode = FALSE
	EndGlobalSection
	GlobalSection(ExtensibilityGlobals) = postSolution
		SolutionGuid = {C3247AA7-EA24-483A-85A0-A9CB01D74A72}
	EndGlobalSection
EndGlobal
