
Microsoft Visual Studio Solution File, Format Version 12.00
# Visual Studio 15
VisualStudioVersion = 15.0.28010.2048
MinimumVisualStudioVersion = 10.0.40219.1
Project("{FAE04EC0-301F-11D3-BF4B-00C04F79EFBC}") = "IMAPConsoleMailChecker", "IMAPConsoleMailChecker\IMAPConsoleMailChecker.csproj", "{C93ED1B1-5168-404F-9376-D0E625DC2812}"
EndProject
Global
	GlobalSection(SolutionConfigurationPlatforms) = preSolution
		Debug|Any CPU = Debug|Any CPU
		Release|Any CPU = Release|Any CPU
	EndGlobalSection
	GlobalSection(ProjectConfigurationPlatforms) = postSolution
		{C93ED1B1-5168-404F-9376-D0E625DC2812}.Debug|Any CPU.ActiveCfg = Debug|Any CPU
		{C93ED1B1-5168-404F-9376-D0E625DC2812}.Debug|Any CPU.Build.0 = Debug|Any CPU
		{C93ED1B1-5168-404F-9376-D0E625DC2812}.Release|Any CPU.ActiveCfg = Release|Any CPU
		{C93ED1B1-5168-404F-9376-D0E625DC2812}.Release|Any CPU.Build.0 = Release|Any CPU
	EndGlobalSection
	GlobalSection(SolutionProperties) = preSolution
		HideSolutionNode = FALSE
	EndGlobalSection
	GlobalSection(ExtensibilityGlobals) = postSolution
		SolutionGuid = {DD9B75D9-E89B-45A9-8744-AC0B8383C9EE}
	EndGlobalSection
EndGlobal
