
Microsoft Visual Studio Solution File, Format Version 12.00
# Visual Studio 15
VisualStudioVersion = 15.0.27130.2026
MinimumVisualStudioVersion = 10.0.40219.1
Project("{FAE04EC0-301F-11D3-BF4B-00C04F79EFBC}") = "0025", "0025\0025.csproj", "{BF53BB7D-A246-4240-9CE5-25ADE98E9DCE}"
EndProject
Global
	GlobalSection(SolutionConfigurationPlatforms) = preSolution
		Debug|Any CPU = Debug|Any CPU
		Release|Any CPU = Release|Any CPU
	EndGlobalSection
	GlobalSection(ProjectConfigurationPlatforms) = postSolution
		{BF53BB7D-A246-4240-9CE5-25ADE98E9DCE}.Debug|Any CPU.ActiveCfg = Debug|Any CPU
		{BF53BB7D-A246-4240-9CE5-25ADE98E9DCE}.Debug|Any CPU.Build.0 = Debug|Any CPU
		{BF53BB7D-A246-4240-9CE5-25ADE98E9DCE}.Release|Any CPU.ActiveCfg = Release|Any CPU
		{BF53BB7D-A246-4240-9CE5-25ADE98E9DCE}.Release|Any CPU.Build.0 = Release|Any CPU
	EndGlobalSection
	GlobalSection(SolutionProperties) = preSolution
		HideSolutionNode = FALSE
	EndGlobalSection
	GlobalSection(ExtensibilityGlobals) = postSolution
		SolutionGuid = {68BE35C4-B3D0-47D3-ACCF-672CD862E7EF}
	EndGlobalSection
EndGlobal
