
Microsoft Visual Studio Solution File, Format Version 12.00
# Visual Studio 15
VisualStudioVersion = 15.0.27428.2015
MinimumVisualStudioVersion = 10.0.40219.1
Project("{FAE04EC0-301F-11D3-BF4B-00C04F79EFBC}") = "A380", "A380\A380.csproj", "{1E08BF8C-5AFE-46D2-BB95-7906C9CDC10C}"
EndProject
Global
	GlobalSection(SolutionConfigurationPlatforms) = preSolution
		Debug|Any CPU = Debug|Any CPU
		Release|Any CPU = Release|Any CPU
	EndGlobalSection
	GlobalSection(ProjectConfigurationPlatforms) = postSolution
		{1E08BF8C-5AFE-46D2-BB95-7906C9CDC10C}.Debug|Any CPU.ActiveCfg = Debug|Any CPU
		{1E08BF8C-5AFE-46D2-BB95-7906C9CDC10C}.Debug|Any CPU.Build.0 = Debug|Any CPU
		{1E08BF8C-5AFE-46D2-BB95-7906C9CDC10C}.Release|Any CPU.ActiveCfg = Release|Any CPU
		{1E08BF8C-5AFE-46D2-BB95-7906C9CDC10C}.Release|Any CPU.Build.0 = Release|Any CPU
	EndGlobalSection
	GlobalSection(SolutionProperties) = preSolution
		HideSolutionNode = FALSE
	EndGlobalSection
	GlobalSection(ExtensibilityGlobals) = postSolution
		SolutionGuid = {156B2701-122A-4546-AC3D-EB5F0168396F}
	EndGlobalSection
EndGlobal
