
Microsoft Visual Studio Solution File, Format Version 12.00
# Visual Studio 15
VisualStudioVersion = 15.0.27130.2026
MinimumVisualStudioVersion = 10.0.40219.1
Project("{FAE04EC0-301F-11D3-BF4B-00C04F79EFBC}") = "TestProject4Learn", "TestProject4Learn\TestProject4Learn.csproj", "{B135D3EA-8F28-4EE5-A4B7-03E617669E55}"
EndProject
Global
	GlobalSection(SolutionConfigurationPlatforms) = preSolution
		Debug|Any CPU = Debug|Any CPU
		Release|Any CPU = Release|Any CPU
	EndGlobalSection
	GlobalSection(ProjectConfigurationPlatforms) = postSolution
		{B135D3EA-8F28-4EE5-A4B7-03E617669E55}.Debug|Any CPU.ActiveCfg = Debug|Any CPU
		{B135D3EA-8F28-4EE5-A4B7-03E617669E55}.Debug|Any CPU.Build.0 = Debug|Any CPU
		{B135D3EA-8F28-4EE5-A4B7-03E617669E55}.Release|Any CPU.ActiveCfg = Release|Any CPU
		{B135D3EA-8F28-4EE5-A4B7-03E617669E55}.Release|Any CPU.Build.0 = Release|Any CPU
	EndGlobalSection
	GlobalSection(SolutionProperties) = preSolution
		HideSolutionNode = FALSE
	EndGlobalSection
	GlobalSection(ExtensibilityGlobals) = postSolution
		SolutionGuid = {641C6528-616D-4CBA-83CF-D588565E4C33}
	EndGlobalSection
EndGlobal
