
Microsoft Visual Studio Solution File, Format Version 12.00
# Visual Studio 15
VisualStudioVersion = 15.0.28307.1321
MinimumVisualStudioVersion = 10.0.40219.1
Project("{FAE04EC0-301F-11D3-BF4B-00C04F79EFBC}") = "Vebinar3", "Vebinar3\Vebinar3.csproj", "{0F20E883-7AFF-4A8B-B7B2-BC826B8AAED6}"
EndProject
Global
	GlobalSection(SolutionConfigurationPlatforms) = preSolution
		Debug|Any CPU = Debug|Any CPU
		Release|Any CPU = Release|Any CPU
	EndGlobalSection
	GlobalSection(ProjectConfigurationPlatforms) = postSolution
		{0F20E883-7AFF-4A8B-B7B2-BC826B8AAED6}.Debug|Any CPU.ActiveCfg = Debug|Any CPU
		{0F20E883-7AFF-4A8B-B7B2-BC826B8AAED6}.Debug|Any CPU.Build.0 = Debug|Any CPU
		{0F20E883-7AFF-4A8B-B7B2-BC826B8AAED6}.Release|Any CPU.ActiveCfg = Release|Any CPU
		{0F20E883-7AFF-4A8B-B7B2-BC826B8AAED6}.Release|Any CPU.Build.0 = Release|Any CPU
	EndGlobalSection
	GlobalSection(SolutionProperties) = preSolution
		HideSolutionNode = FALSE
	EndGlobalSection
	GlobalSection(ExtensibilityGlobals) = postSolution
		SolutionGuid = {35AE68DE-A2FC-46FC-8F70-E52119072DEB}
	EndGlobalSection
EndGlobal
