
Microsoft Visual Studio Solution File, Format Version 12.00
# Visual Studio 15
VisualStudioVersion = 15.0.27428.2005
MinimumVisualStudioVersion = 10.0.40219.1
Project("{FAE04EC0-301F-11D3-BF4B-00C04F79EFBC}") = "0582", "0582\0582.csproj", "{3DE0D422-F3B7-4A31-B6A4-9D2F8C5772B9}"
EndProject
Global
	GlobalSection(SolutionConfigurationPlatforms) = preSolution
		Debug|Any CPU = Debug|Any CPU
		Release|Any CPU = Release|Any CPU
	EndGlobalSection
	GlobalSection(ProjectConfigurationPlatforms) = postSolution
		{3DE0D422-F3B7-4A31-B6A4-9D2F8C5772B9}.Debug|Any CPU.ActiveCfg = Debug|Any CPU
		{3DE0D422-F3B7-4A31-B6A4-9D2F8C5772B9}.Debug|Any CPU.Build.0 = Debug|Any CPU
		{3DE0D422-F3B7-4A31-B6A4-9D2F8C5772B9}.Release|Any CPU.ActiveCfg = Release|Any CPU
		{3DE0D422-F3B7-4A31-B6A4-9D2F8C5772B9}.Release|Any CPU.Build.0 = Release|Any CPU
	EndGlobalSection
	GlobalSection(SolutionProperties) = preSolution
		HideSolutionNode = FALSE
	EndGlobalSection
	GlobalSection(ExtensibilityGlobals) = postSolution
		SolutionGuid = {9C77BFAF-D82B-4E7A-A2EE-C742699AF7DB}
	EndGlobalSection
EndGlobal
