
Microsoft Visual Studio Solution File, Format Version 12.00
# Visual Studio 15
VisualStudioVersion = 15.0.27130.2026
MinimumVisualStudioVersion = 10.0.40219.1
Project("{FAE04EC0-301F-11D3-BF4B-00C04F79EFBC}") = "0001", "0001\0001.csproj", "{AE9B6D5F-696E-4CDC-8A95-49374FDE5A47}"
EndProject
Global
	GlobalSection(SolutionConfigurationPlatforms) = preSolution
		Debug|Any CPU = Debug|Any CPU
		Release|Any CPU = Release|Any CPU
	EndGlobalSection
	GlobalSection(ProjectConfigurationPlatforms) = postSolution
		{AE9B6D5F-696E-4CDC-8A95-49374FDE5A47}.Debug|Any CPU.ActiveCfg = Debug|Any CPU
		{AE9B6D5F-696E-4CDC-8A95-49374FDE5A47}.Debug|Any CPU.Build.0 = Debug|Any CPU
		{AE9B6D5F-696E-4CDC-8A95-49374FDE5A47}.Release|Any CPU.ActiveCfg = Release|Any CPU
		{AE9B6D5F-696E-4CDC-8A95-49374FDE5A47}.Release|Any CPU.Build.0 = Release|Any CPU
	EndGlobalSection
	GlobalSection(SolutionProperties) = preSolution
		HideSolutionNode = FALSE
	EndGlobalSection
	GlobalSection(ExtensibilityGlobals) = postSolution
		SolutionGuid = {367A8F0E-116D-4CF1-BAFF-423CE46E9568}
	EndGlobalSection
EndGlobal
