
Microsoft Visual Studio Solution File, Format Version 12.00
# Visual Studio 15
VisualStudioVersion = 15.0.27130.2026
MinimumVisualStudioVersion = 10.0.40219.1
Project("{FAE04EC0-301F-11D3-BF4B-00C04F79EFBC}") = "HomeWorkArithmeticalOperationsMath", "HomeWorkArithmeticalOperationsMath\HomeWorkArithmeticalOperationsMath.csproj", "{C2083179-8915-499C-A50A-6E135FC52121}"
EndProject
Global
	GlobalSection(SolutionConfigurationPlatforms) = preSolution
		Debug|Any CPU = Debug|Any CPU
		Release|Any CPU = Release|Any CPU
	EndGlobalSection
	GlobalSection(ProjectConfigurationPlatforms) = postSolution
		{C2083179-8915-499C-A50A-6E135FC52121}.Debug|Any CPU.ActiveCfg = Debug|Any CPU
		{C2083179-8915-499C-A50A-6E135FC52121}.Debug|Any CPU.Build.0 = Debug|Any CPU
		{C2083179-8915-499C-A50A-6E135FC52121}.Release|Any CPU.ActiveCfg = Release|Any CPU
		{C2083179-8915-499C-A50A-6E135FC52121}.Release|Any CPU.Build.0 = Release|Any CPU
	EndGlobalSection
	GlobalSection(SolutionProperties) = preSolution
		HideSolutionNode = FALSE
	EndGlobalSection
	GlobalSection(ExtensibilityGlobals) = postSolution
		SolutionGuid = {8A072D4C-F039-44CB-B23B-E93A9E10B58D}
	EndGlobalSection
EndGlobal
