
Microsoft Visual Studio Solution File, Format Version 12.00
# Visual Studio 15
VisualStudioVersion = 15.0.27130.2036
MinimumVisualStudioVersion = 10.0.40219.1
Project("{FAE04EC0-301F-11D3-BF4B-00C04F79EFBC}") = "Inheritance", "Inheritance\Inheritance.csproj", "{2D4998FD-229B-43C9-8F10-5A3FBF1A5C58}"
EndProject
Global
	GlobalSection(SolutionConfigurationPlatforms) = preSolution
		Debug|Any CPU = Debug|Any CPU
		Release|Any CPU = Release|Any CPU
	EndGlobalSection
	GlobalSection(ProjectConfigurationPlatforms) = postSolution
		{2D4998FD-229B-43C9-8F10-5A3FBF1A5C58}.Debug|Any CPU.ActiveCfg = Debug|Any CPU
		{2D4998FD-229B-43C9-8F10-5A3FBF1A5C58}.Debug|Any CPU.Build.0 = Debug|Any CPU
		{2D4998FD-229B-43C9-8F10-5A3FBF1A5C58}.Release|Any CPU.ActiveCfg = Release|Any CPU
		{2D4998FD-229B-43C9-8F10-5A3FBF1A5C58}.Release|Any CPU.Build.0 = Release|Any CPU
	EndGlobalSection
	GlobalSection(SolutionProperties) = preSolution
		HideSolutionNode = FALSE
	EndGlobalSection
	GlobalSection(ExtensibilityGlobals) = postSolution
		SolutionGuid = {8FCFD12B-F783-4FC8-A5A6-1F4B3ABC87ED}
	EndGlobalSection
EndGlobal
