
Microsoft Visual Studio Solution File, Format Version 12.00
# Visual Studio 15
VisualStudioVersion = 15.0.27130.2010
MinimumVisualStudioVersion = 10.0.40219.1
Project("{FAE04EC0-301F-11D3-BF4B-00C04F79EFBC}") = "HomeWorkReloadMethods", "HomeWorkReloadMethods\HomeWorkReloadMethods.csproj", "{F8F3D109-CB5E-4165-934C-3EDC41648D62}"
EndProject
Global
	GlobalSection(SolutionConfigurationPlatforms) = preSolution
		Debug|Any CPU = Debug|Any CPU
		Release|Any CPU = Release|Any CPU
	EndGlobalSection
	GlobalSection(ProjectConfigurationPlatforms) = postSolution
		{F8F3D109-CB5E-4165-934C-3EDC41648D62}.Debug|Any CPU.ActiveCfg = Debug|Any CPU
		{F8F3D109-CB5E-4165-934C-3EDC41648D62}.Debug|Any CPU.Build.0 = Debug|Any CPU
		{F8F3D109-CB5E-4165-934C-3EDC41648D62}.Release|Any CPU.ActiveCfg = Release|Any CPU
		{F8F3D109-CB5E-4165-934C-3EDC41648D62}.Release|Any CPU.Build.0 = Release|Any CPU
	EndGlobalSection
	GlobalSection(SolutionProperties) = preSolution
		HideSolutionNode = FALSE
	EndGlobalSection
	GlobalSection(ExtensibilityGlobals) = postSolution
		SolutionGuid = {D07B75BC-8255-4CDA-B7BA-283B1011CBBE}
	EndGlobalSection
EndGlobal
