
Microsoft Visual Studio Solution File, Format Version 12.00
# Visual Studio 15
VisualStudioVersion = 15.0.27428.2015
MinimumVisualStudioVersion = 10.0.40219.1
Project("{FAE04EC0-301F-11D3-BF4B-00C04F79EFBC}") = "MinArithmetic", "MinArithmetic\MinArithmetic.csproj", "{A18E0059-2B8B-4435-9690-B52CC6E5747C}"
EndProject
Global
	GlobalSection(SolutionConfigurationPlatforms) = preSolution
		Debug|Any CPU = Debug|Any CPU
		Release|Any CPU = Release|Any CPU
	EndGlobalSection
	GlobalSection(ProjectConfigurationPlatforms) = postSolution
		{A18E0059-2B8B-4435-9690-B52CC6E5747C}.Debug|Any CPU.ActiveCfg = Debug|Any CPU
		{A18E0059-2B8B-4435-9690-B52CC6E5747C}.Debug|Any CPU.Build.0 = Debug|Any CPU
		{A18E0059-2B8B-4435-9690-B52CC6E5747C}.Release|Any CPU.ActiveCfg = Release|Any CPU
		{A18E0059-2B8B-4435-9690-B52CC6E5747C}.Release|Any CPU.Build.0 = Release|Any CPU
	EndGlobalSection
	GlobalSection(SolutionProperties) = preSolution
		HideSolutionNode = FALSE
	EndGlobalSection
	GlobalSection(ExtensibilityGlobals) = postSolution
		SolutionGuid = {4E11AAB6-798A-48BF-B357-646D6C7B2654}
	EndGlobalSection
EndGlobal
