
Microsoft Visual Studio Solution File, Format Version 12.00
# Visual Studio 15
VisualStudioVersion = 15.0.27428.2015
MinimumVisualStudioVersion = 10.0.40219.1
Project("{FAE04EC0-301F-11D3-BF4B-00C04F79EFBC}") = "NumberOfPinguins", "NumberOfPinguins\NumberOfPinguins.csproj", "{5B06E375-5647-4518-9F31-3033DB04FAA4}"
EndProject
Global
	GlobalSection(SolutionConfigurationPlatforms) = preSolution
		Debug|Any CPU = Debug|Any CPU
		Release|Any CPU = Release|Any CPU
	EndGlobalSection
	GlobalSection(ProjectConfigurationPlatforms) = postSolution
		{5B06E375-5647-4518-9F31-3033DB04FAA4}.Debug|Any CPU.ActiveCfg = Debug|Any CPU
		{5B06E375-5647-4518-9F31-3033DB04FAA4}.Debug|Any CPU.Build.0 = Debug|Any CPU
		{5B06E375-5647-4518-9F31-3033DB04FAA4}.Release|Any CPU.ActiveCfg = Release|Any CPU
		{5B06E375-5647-4518-9F31-3033DB04FAA4}.Release|Any CPU.Build.0 = Release|Any CPU
	EndGlobalSection
	GlobalSection(SolutionProperties) = preSolution
		HideSolutionNode = FALSE
	EndGlobalSection
	GlobalSection(ExtensibilityGlobals) = postSolution
		SolutionGuid = {57F3D06E-8A8E-44B7-88BB-7FBAED01D69C}
	EndGlobalSection
EndGlobal
