
Microsoft Visual Studio Solution File, Format Version 12.00
# Visual Studio Version 16
VisualStudioVersion = 16.0.30611.23
MinimumVisualStudioVersion = 10.0.40219.1
Project("{FAE04EC0-301F-11D3-BF4B-00C04F79EFBC}") = "Goods", "Goods.csproj", "{41B47D9A-DC73-48DA-A9CB-B3E7DB2B16DE}"
EndProject
Global
	GlobalSection(SolutionConfigurationPlatforms) = preSolution
		Debug|Any CPU = Debug|Any CPU
		Release|Any CPU = Release|Any CPU
	EndGlobalSection
	GlobalSection(ProjectConfigurationPlatforms) = postSolution
		{41B47D9A-DC73-48DA-A9CB-B3E7DB2B16DE}.Debug|Any CPU.ActiveCfg = Debug|Any CPU
		{41B47D9A-DC73-48DA-A9CB-B3E7DB2B16DE}.Debug|Any CPU.Build.0 = Debug|Any CPU
		{41B47D9A-DC73-48DA-A9CB-B3E7DB2B16DE}.Release|Any CPU.ActiveCfg = Release|Any CPU
		{41B47D9A-DC73-48DA-A9CB-B3E7DB2B16DE}.Release|Any CPU.Build.0 = Release|Any CPU
	EndGlobalSection
	GlobalSection(SolutionProperties) = preSolution
		HideSolutionNode = FALSE
	EndGlobalSection
	GlobalSection(ExtensibilityGlobals) = postSolution
		SolutionGuid = {938C3820-802E-4C9B-997D-8A7313953992}
	EndGlobalSection
EndGlobal
