
Microsoft Visual Studio Solution File, Format Version 12.00
# Visual Studio 15
VisualStudioVersion = 15.0.27428.2015
MinimumVisualStudioVersion = 10.0.40219.1
Project("{FAE04EC0-301F-11D3-BF4B-00C04F79EFBC}") = "SMSSpam", "SMSSpam\SMSSpam.csproj", "{C0AB4312-7742-40CF-935D-8B42E9C0F5C7}"
EndProject
Global
	GlobalSection(SolutionConfigurationPlatforms) = preSolution
		Debug|Any CPU = Debug|Any CPU
		Release|Any CPU = Release|Any CPU
	EndGlobalSection
	GlobalSection(ProjectConfigurationPlatforms) = postSolution
		{C0AB4312-7742-40CF-935D-8B42E9C0F5C7}.Debug|Any CPU.ActiveCfg = Debug|Any CPU
		{C0AB4312-7742-40CF-935D-8B42E9C0F5C7}.Debug|Any CPU.Build.0 = Debug|Any CPU
		{C0AB4312-7742-40CF-935D-8B42E9C0F5C7}.Release|Any CPU.ActiveCfg = Release|Any CPU
		{C0AB4312-7742-40CF-935D-8B42E9C0F5C7}.Release|Any CPU.Build.0 = Release|Any CPU
	EndGlobalSection
	GlobalSection(SolutionProperties) = preSolution
		HideSolutionNode = FALSE
	EndGlobalSection
	GlobalSection(ExtensibilityGlobals) = postSolution
		SolutionGuid = {C19CBEE2-3B74-46DF-A748-30C4CB1B60E2}
	EndGlobalSection
EndGlobal
