
Microsoft Visual Studio Solution File, Format Version 12.00
# Visual Studio 15
VisualStudioVersion = 15.0.28307.1321
MinimumVisualStudioVersion = 10.0.40219.1
Project("{FAE04EC0-301F-11D3-BF4B-00C04F79EFBC}") = "DoublyLinkedList", "Vebinar2\DoublyLinkedList.csproj", "{772BA7B1-3EB7-4F73-8B48-FEC9D7CA7DD7}"
EndProject
Project("{FAE04EC0-301F-11D3-BF4B-00C04F79EFBC}") = "BinarySearch", "BinarySearch\BinarySearch.csproj", "{77C451FC-BCB2-43C2-8F01-109F280C9058}"
EndProject
Global
	GlobalSection(SolutionConfigurationPlatforms) = preSolution
		Debug|Any CPU = Debug|Any CPU
		Release|Any CPU = Release|Any CPU
	EndGlobalSection
	GlobalSection(ProjectConfigurationPlatforms) = postSolution
		{772BA7B1-3EB7-4F73-8B48-FEC9D7CA7DD7}.Debug|Any CPU.ActiveCfg = Debug|Any CPU
		{772BA7B1-3EB7-4F73-8B48-FEC9D7CA7DD7}.Debug|Any CPU.Build.0 = Debug|Any CPU
		{772BA7B1-3EB7-4F73-8B48-FEC9D7CA7DD7}.Release|Any CPU.ActiveCfg = Release|Any CPU
		{772BA7B1-3EB7-4F73-8B48-FEC9D7CA7DD7}.Release|Any CPU.Build.0 = Release|Any CPU
		{77C451FC-BCB2-43C2-8F01-109F280C9058}.Debug|Any CPU.ActiveCfg = Debug|Any CPU
		{77C451FC-BCB2-43C2-8F01-109F280C9058}.Debug|Any CPU.Build.0 = Debug|Any CPU
		{77C451FC-BCB2-43C2-8F01-109F280C9058}.Release|Any CPU.ActiveCfg = Release|Any CPU
		{77C451FC-BCB2-43C2-8F01-109F280C9058}.Release|Any CPU.Build.0 = Release|Any CPU
	EndGlobalSection
	GlobalSection(SolutionProperties) = preSolution
		HideSolutionNode = FALSE
	EndGlobalSection
	GlobalSection(ExtensibilityGlobals) = postSolution
		SolutionGuid = {67AAF423-1717-499C-8868-3ADCFC657797}
	EndGlobalSection
EndGlobal
