
Microsoft Visual Studio Solution File, Format Version 12.00
# Visual Studio 15
VisualStudioVersion = 15.0.27130.2010
MinimumVisualStudioVersion = 10.0.40219.1
Project("{FAE04EC0-301F-11D3-BF4B-00C04F79EFBC}") = "Spiral", "Spiral\Spiral.csproj", "{41B20484-CF3C-4461-BBED-F0652FD4F711}"
EndProject
Global
	GlobalSection(SolutionConfigurationPlatforms) = preSolution
		Debug|Any CPU = Debug|Any CPU
		Release|Any CPU = Release|Any CPU
	EndGlobalSection
	GlobalSection(ProjectConfigurationPlatforms) = postSolution
		{41B20484-CF3C-4461-BBED-F0652FD4F711}.Debug|Any CPU.ActiveCfg = Debug|Any CPU
		{41B20484-CF3C-4461-BBED-F0652FD4F711}.Debug|Any CPU.Build.0 = Debug|Any CPU
		{41B20484-CF3C-4461-BBED-F0652FD4F711}.Release|Any CPU.ActiveCfg = Release|Any CPU
		{41B20484-CF3C-4461-BBED-F0652FD4F711}.Release|Any CPU.Build.0 = Release|Any CPU
	EndGlobalSection
	GlobalSection(SolutionProperties) = preSolution
		HideSolutionNode = FALSE
	EndGlobalSection
	GlobalSection(ExtensibilityGlobals) = postSolution
		SolutionGuid = {61134E19-4E31-4629-A094-A1FD7F1317B9}
	EndGlobalSection
EndGlobal
