
Microsoft Visual Studio Solution File, Format Version 12.00
# Visual Studio 15
VisualStudioVersion = 15.0.27428.2015
MinimumVisualStudioVersion = 10.0.40219.1
Project("{FAE04EC0-301F-11D3-BF4B-00C04F79EFBC}") = "TaskCondition", "TaskCondition\TaskCondition.csproj", "{6BABC44D-CF95-4183-93E7-301037252C48}"
EndProject
Global
	GlobalSection(SolutionConfigurationPlatforms) = preSolution
		Debug|Any CPU = Debug|Any CPU
		Release|Any CPU = Release|Any CPU
	EndGlobalSection
	GlobalSection(ProjectConfigurationPlatforms) = postSolution
		{6BABC44D-CF95-4183-93E7-301037252C48}.Debug|Any CPU.ActiveCfg = Debug|Any CPU
		{6BABC44D-CF95-4183-93E7-301037252C48}.Debug|Any CPU.Build.0 = Debug|Any CPU
		{6BABC44D-CF95-4183-93E7-301037252C48}.Release|Any CPU.ActiveCfg = Release|Any CPU
		{6BABC44D-CF95-4183-93E7-301037252C48}.Release|Any CPU.Build.0 = Release|Any CPU
	EndGlobalSection
	GlobalSection(SolutionProperties) = preSolution
		HideSolutionNode = FALSE
	EndGlobalSection
	GlobalSection(ExtensibilityGlobals) = postSolution
		SolutionGuid = {99F27BAD-1850-4340-9F97-D46470F8A0C8}
	EndGlobalSection
EndGlobal
