
Microsoft Visual Studio Solution File, Format Version 12.00
# Visual Studio 15
VisualStudioVersion = 15.0.27428.2037
MinimumVisualStudioVersion = 10.0.40219.1
Project("{FAE04EC0-301F-11D3-BF4B-00C04F79EFBC}") = "Time", "Time\Time.csproj", "{A904D41D-A34D-4042-ADED-40E52CA3E4F2}"
EndProject
Global
	GlobalSection(SolutionConfigurationPlatforms) = preSolution
		Debug|Any CPU = Debug|Any CPU
		Release|Any CPU = Release|Any CPU
	EndGlobalSection
	GlobalSection(ProjectConfigurationPlatforms) = postSolution
		{A904D41D-A34D-4042-ADED-40E52CA3E4F2}.Debug|Any CPU.ActiveCfg = Debug|Any CPU
		{A904D41D-A34D-4042-ADED-40E52CA3E4F2}.Debug|Any CPU.Build.0 = Debug|Any CPU
		{A904D41D-A34D-4042-ADED-40E52CA3E4F2}.Release|Any CPU.ActiveCfg = Release|Any CPU
		{A904D41D-A34D-4042-ADED-40E52CA3E4F2}.Release|Any CPU.Build.0 = Release|Any CPU
	EndGlobalSection
	GlobalSection(SolutionProperties) = preSolution
		HideSolutionNode = FALSE
	EndGlobalSection
	GlobalSection(ExtensibilityGlobals) = postSolution
		SolutionGuid = {E7AA336C-0569-4B77-983C-FD1CB36E4486}
	EndGlobalSection
EndGlobal
