
Microsoft Visual Studio Solution File, Format Version 12.00
# Visual Studio 15
VisualStudioVersion = 15.0.27428.2015
MinimumVisualStudioVersion = 10.0.40219.1
Project("{FAE04EC0-301F-11D3-BF4B-00C04F79EFBC}") = "Spraying", "Spraying\Spraying.csproj", "{FFFDEFFB-F14B-4C8A-AFE7-066DBFEAD516}"
EndProject
Global
	GlobalSection(SolutionConfigurationPlatforms) = preSolution
		Debug|Any CPU = Debug|Any CPU
		Release|Any CPU = Release|Any CPU
	EndGlobalSection
	GlobalSection(ProjectConfigurationPlatforms) = postSolution
		{FFFDEFFB-F14B-4C8A-AFE7-066DBFEAD516}.Debug|Any CPU.ActiveCfg = Debug|Any CPU
		{FFFDEFFB-F14B-4C8A-AFE7-066DBFEAD516}.Debug|Any CPU.Build.0 = Debug|Any CPU
		{FFFDEFFB-F14B-4C8A-AFE7-066DBFEAD516}.Release|Any CPU.ActiveCfg = Release|Any CPU
		{FFFDEFFB-F14B-4C8A-AFE7-066DBFEAD516}.Release|Any CPU.Build.0 = Release|Any CPU
	EndGlobalSection
	GlobalSection(SolutionProperties) = preSolution
		HideSolutionNode = FALSE
	EndGlobalSection
	GlobalSection(ExtensibilityGlobals) = postSolution
		SolutionGuid = {404DC1F7-34A4-4F2E-BF07-0A909FA38727}
	EndGlobalSection
EndGlobal
